// !$*UTF8*$!
{
	archiveVersion = 1;
	classes = {
	};
	objectVersion = 46;
	objects = {

/* Begin PBXBuildFile section */
		78AB64111D09AE8600967BF0 /* AppDelegate.swift in Sources */ = {isa = PBXBuildFile; fileRef = 78AB64101D09AE8600967BF0 /* AppDelegate.swift */; };
		78AB64131D09AE8600967BF0 /* ViewController.swift in Sources */ = {isa = PBXBuildFile; fileRef = 78AB64121D09AE8600967BF0 /* ViewController.swift */; };
		78AB64161D09AE8600967BF0 /* Main.storyboard in Resources */ = {isa = PBXBuildFile; fileRef = 78AB64141D09AE8600967BF0 /* Main.storyboard */; };
		78AB64181D09AE8600967BF0 /* Assets.xcassets in Resources */ = {isa = PBXBuildFile; fileRef = 78AB64171D09AE8600967BF0 /* Assets.xcassets */; };
		78AB641B1D09AE8600967BF0 /* LaunchScreen.storyboard in Resources */ = {isa = PBXBuildFile; fileRef = 78AB64191D09AE8600967BF0 /* LaunchScreen.storyboard */; };
		78AB64261D09AE8600967BF0 /* CustomKeyboardTests.swift in Sources */ = {isa = PBXBuildFile; fileRef = 78AB64251D09AE8600967BF0 /* CustomKeyboardTests.swift */; };
		78AB64311D09AE8600967BF0 /* CustomKeyboardUITests.swift in Sources */ = {isa = PBXBuildFile; fileRef = 78AB64301D09AE8600967BF0 /* CustomKeyboardUITests.swift */; };
/* End PBXBuildFile section */

/* Begin PBXContainerItemProxy section */
		78AB64221D09AE8600967BF0 /* PBXContainerItemProxy */ = {
			isa = PBXContainerItemProxy;
			containerPortal = 78AB64051D09AE8600967BF0 /* Project object */;
			proxyType = 1;
			remoteGlobalIDString = 78AB640C1D09AE8600967BF0;
			remoteInfo = CustomKeyboard;
		};
		78AB642D1D09AE8600967BF0 /* PBXContainerItemProxy */ = {
			isa = PBXContainerItemProxy;
			containerPortal = 78AB64051D09AE8600967BF0 /* Project object */;
			proxyType = 1;
			remoteGlobalIDString = 78AB640C1D09AE8600967BF0;
			remoteInfo = CustomKeyboard;
		};
/* End PBXContainerItemProxy section */

/* Begin PBXFileReference section */
		78AB640D1D09AE8600967BF0 /* CustomKeyboard.app */ = {isa = PBXFileReference; explicitFileType = wrapper.application; includeInIndex = 0; path = CustomKeyboard.app; sourceTree = BUILT_PRODUCTS_DIR; };
		78AB64101D09AE8600967BF0 /* AppDelegate.swift */ = {isa = PBXFileReference; lastKnownFileType = sourcecode.swift; path = AppDelegate.swift; sourceTree = "<group>"; };
		78AB64121D09AE8600967BF0 /* ViewController.swift */ = {isa = PBXFileReference; lastKnownFileType = sourcecode.swift; path = ViewController.swift; sourceTree = "<group>"; };
		78AB64151D09AE8600967BF0 /* Base */ = {isa = PBXFileReference; lastKnownFileType = file.storyboard; name = Base; path = Base.lproj/Main.storyboard; sourceTree = "<group>"; };
		78AB64171D09AE8600967BF0 /* Assets.xcassets */ = {isa = PBXFileReference; lastKnownFileType = folder.assetcatalog; path = Assets.xcassets; sourceTree = "<group>"; };
		78AB641A1D09AE8600967BF0 /* Base */ = {isa = PBXFileReference; lastKnownFileType = file.storyboard; name = Base; path = Base.lproj/LaunchScreen.storyboard; sourceTree = "<group>"; };
		78AB641C1D09AE8600967BF0 /* Info.plist */ = {isa = PBXFileReference; lastKnownFileType = text.plist.xml; path = Info.plist; sourceTree = "<group>"; };
		78AB64211D09AE8600967BF0 /* CustomKeyboardTests.xctest */ = {isa = PBXFileReference; explicitFileType = wrapper.cfbundle; includeInIndex = 0; path = CustomKeyboardTests.xctest; sourceTree = BUILT_PRODUCTS_DIR; };
		78AB64251D09AE8600967BF0 /* CustomKeyboardTests.swift */ = {isa = PBXFileReference; lastKnownFileType = sourcecode.swift; path = CustomKeyboardTests.swift; sourceTree = "<group>"; };
		78AB64271D09AE8600967BF0 /* Info.plist */ = {isa = PBXFileReference; lastKnownFileType = text.plist.xml; path = Info.plist; sourceTree = "<group>"; };
		78AB642C1D09AE8600967BF0 /* CustomKeyboardUITests.xctest */ = {isa = PBXFileReference; explicitFileType = wrapper.cfbundle; includeInIndex = 0; path = CustomKeyboardUITests.xctest; sourceTree = BUILT_PRODUCTS_DIR; };
		78AB64301D09AE8600967BF0 /* CustomKeyboardUITests.swift */ = {isa = PBXFileReference; lastKnownFileType = sourcecode.swift; path = CustomKeyboardUITests.swift; sourceTree = "<group>"; };
		78AB64321D09AE8600967BF0 /* Info.plist */ = {isa = PBXFileReference; lastKnownFileType = text.plist.xml; path = Info.plist; sourceTree = "<group>"; };
/* End PBXFileReference section */

/* Begin PBXFrameworksBuildPhase section */
		78AB640A1D09AE8600967BF0 /* Frameworks */ = {
			isa = PBXFrameworksBuildPhase;
			buildActionMask = 2147483647;
			files = (
			);
			runOnlyForDeploymentPostprocessing = 0;
		};
		78AB641E1D09AE8600967BF0 /* Frameworks */ = {
			isa = PBXFrameworksBuildPhase;
			buildActionMask = 2147483647;
			files = (
			);
			runOnlyForDeploymentPostprocessing = 0;
		};
		78AB64291D09AE8600967BF0 /* Frameworks */ = {
			isa = PBXFrameworksBuildPhase;
			buildActionMask = 2147483647;
			files = (
			);
			runOnlyForDeploymentPostprocessing = 0;
		};
/* End PBXFrameworksBuildPhase section */

/* Begin PBXGroup section */
		78AB64041D09AE8600967BF0 = {
			isa = PBXGroup;
			children = (
				78AB640F1D09AE8600967BF0 /* CustomKeyboard */,
				78AB64241D09AE8600967BF0 /* CustomKeyboardTests */,
				78AB642F1D09AE8600967BF0 /* CustomKeyboardUITests */,
				78AB640E1D09AE8600967BF0 /* Products */,
			);
			sourceTree = "<group>";
		};
		78AB640E1D09AE8600967BF0 /* Products */ = {
			isa = PBXGroup;
			children = (
				78AB640D1D09AE8600967BF0 /* CustomKeyboard.app */,
				78AB64211D09AE8600967BF0 /* CustomKeyboardTests.xctest */,
				78AB642C1D09AE8600967BF0 /* CustomKeyboardUITests.xctest */,
			);
			name = Products;
			sourceTree = "<group>";
		};
		78AB640F1D09AE8600967BF0 /* CustomKeyboard */ = {
			isa = PBXGroup;
			children = (
				78AB64101D09AE8600967BF0 /* AppDelegate.swift */,
				78AB64121D09AE8600967BF0 /* ViewController.swift */,
				78AB64141D09AE8600967BF0 /* Main.storyboard */,
				78AB64171D09AE8600967BF0 /* Assets.xcassets */,
				78AB64191D09AE8600967BF0 /* LaunchScreen.storyboard */,
				78AB641C1D09AE8600967BF0 /* Info.plist */,
			);
			path = CustomKeyboard;
			sourceTree = "<group>";
		};
		78AB64241D09AE8600967BF0 /* CustomKeyboardTests */ = {
			isa = PBXGroup;
			children = (
				78AB64251D09AE8600967BF0 /* CustomKeyboardTests.swift */,
				78AB64271D09AE8600967BF0 /* Info.plist */,
			);
			path = CustomKeyboardTests;
			sourceTree = "<group>";
		};
		78AB642F1D09AE8600967BF0 /* CustomKeyboardUITests */ = {
			isa = PBXGroup;
			children = (
				78AB64301D09AE8600967BF0 /* CustomKeyboardUITests.swift */,
				78AB64321D09AE8600967BF0 /* Info.plist */,
			);
			path = CustomKeyboardUITests;
			sourceTree = "<group>";
		};
/* End PBXGroup section */

/* Begin PBXNativeTarget section */
		78AB640C1D09AE8600967BF0 /* CustomKeyboard */ = {
			isa = PBXNativeTarget;
			buildConfigurationList = 78AB64351D09AE8600967BF0 /* Build configuration list for PBXNativeTarget "CustomKeyboard" */;
			buildPhases = (
				78AB64091D09AE8600967BF0 /* Sources */,
				78AB640A1D09AE8600967BF0 /* Frameworks */,
				78AB640B1D09AE8600967BF0 /* Resources */,
			);
			buildRules = (
			);
			dependencies = (
			);
			name = CustomKeyboard;
			productName = CustomKeyboard;
			productReference = 78AB640D1D09AE8600967BF0 /* CustomKeyboard.app */;
			productType = "com.apple.product-type.application";
		};
		78AB64201D09AE8600967BF0 /* CustomKeyboardTests */ = {
			isa = PBXNativeTarget;
			buildConfigurationList = 78AB64381D09AE8600967BF0 /* Build configuration list for PBXNativeTarget "CustomKeyboardTests" */;
			buildPhases = (
				78AB641D1D09AE8600967BF0 /* Sources */,
				78AB641E1D09AE8600967BF0 /* Frameworks */,
				78AB641F1D09AE8600967BF0 /* Resources */,
			);
			buildRules = (
			);
			dependencies = (
				78AB64231D09AE8600967BF0 /* PBXTargetDependency */,
			);
			name = CustomKeyboardTests;
			productName = CustomKeyboardTests;
			productReference = 78AB64211D09AE8600967BF0 /* CustomKeyboardTests.xctest */;
			productType = "com.apple.product-type.bundle.unit-test";
		};
		78AB642B1D09AE8600967BF0 /* CustomKeyboardUITests */ = {
			isa = PBXNativeTarget;
			buildConfigurationList = 78AB643B1D09AE8600967BF0 /* Build configuration list for PBXNativeTarget "CustomKeyboardUITests" */;
			buildPhases = (
				78AB64281D09AE8600967BF0 /* Sources */,
				78AB64291D09AE8600967BF0 /* Frameworks */,
				78AB642A1D09AE8600967BF0 /* Resources */,
			);
			buildRules = (
			);
			dependencies = (
				78AB642E1D09AE8600967BF0 /* PBXTargetDependency */,
			);
			name = CustomKeyboardUITests;
			productName = CustomKeyboardUITests;
			productReference = 78AB642C1D09AE8600967BF0 /* CustomKeyboardUITests.xctest */;
			productType = "com.apple.product-type.bundle.ui-testing";
		};
/* End PBXNativeTarget section */

/* Begin PBXProject section */
		78AB64051D09AE8600967BF0 /* Project object */ = {
			isa = PBXProject;
			attributes = {
				LastSwiftUpdateCheck = 0730;
				LastUpgradeCheck = 0730;
				ORGANIZATIONNAME = "Rozeri Dağtekin";
				TargetAttributes = {
					78AB640C1D09AE8600967BF0 = {
						CreatedOnToolsVersion = 7.3.1;
					};
					78AB64201D09AE8600967BF0 = {
						CreatedOnToolsVersion = 7.3.1;
						TestTargetID = 78AB640C1D09AE8600967BF0;
					};
					78AB642B1D09AE8600967BF0 = {
						CreatedOnToolsVersion = 7.3.1;
						TestTargetID = 78AB640C1D09AE8600967BF0;
					};
				};
			};
			buildConfigurationList = 78AB64081D09AE8600967BF0 /* Build configuration list for PBXProject "CustomKeyboard" */;
			compatibilityVersion = "Xcode 3.2";
			developmentRegion = English;
			hasScannedForEncodings = 0;
			knownRegions = (
				en,
				Base,
			);
			mainGroup = 78AB64041D09AE8600967BF0;
			productRefGroup = 78AB640E1D09AE8600967BF0 /* Products */;
			projectDirPath = "";
			projectRoot = "";
			targets = (
				78AB640C1D09AE8600967BF0 /* CustomKeyboard */,
				78AB64201D09AE8600967BF0 /* CustomKeyboardTests */,
				78AB642B1D09AE8600967BF0 /* CustomKeyboardUITests */,
			);
		};
/* End PBXProject section */

/* Begin PBXResourcesBuildPhase section */
		78AB640B1D09AE8600967BF0 /* Resources */ = {
			isa = PBXResourcesBuildPhase;
			buildActionMask = 2147483647;
			files = (
				78AB641B1D09AE8600967BF0 /* LaunchScreen.storyboard in Resources */,
				78AB64181D09AE8600967BF0 /* Assets.xcassets in Resources */,
				78AB64161D09AE8600967BF0 /* Main.storyboard in Resources */,
			);
			runOnlyForDeploymentPostprocessing = 0;
		};
		78AB641F1D09AE8600967BF0 /* Resources */ = {
			isa = PBXResourcesBuildPhase;
			buildActionMask = 2147483647;
			files = (
			);
			runOnlyForDeploymentPostprocessing = 0;
		};
		78AB642A1D09AE8600967BF0 /* Resources */ = {
			isa = PBXResourcesBuildPhase;
			buildActionMask = 2147483647;
			files = (
			);
			runOnlyForDeploymentPostprocessing = 0;
		};
/* End PBXResourcesBuildPhase section */

/* Begin PBXSourcesBuildPhase section */
		78AB64091D09AE8600967BF0 /* Sources */ = {
			isa = PBXSourcesBuildPhase;
			buildActionMask = 2147483647;
			files = (
				78AB64131D09AE8600967BF0 /* ViewController.swift in Sources */,
				78AB64111D09AE8600967BF0 /* AppDelegate.swift in Sources */,
			);
			runOnlyForDeploymentPostprocessing = 0;
		};
		78AB641D1D09AE8600967BF0 /* Sources */ = {
			isa = PBXSourcesBuildPhase;
			buildActionMask = 2147483647;
			files = (
				78AB64261D09AE8600967BF0 /* CustomKeyboardTests.swift in Sources */,
			);
			runOnlyForDeploymentPostprocessing = 0;
		};
		78AB64281D09AE8600967BF0 /* Sources */ = {
			isa = PBXSourcesBuildPhase;
			buildActionMask = 2147483647;
			files = (
				78AB64311D09AE8600967BF0 /* CustomKeyboardUITests.swift in Sources */,
			);
			runOnlyForDeploymentPostprocessing = 0;
		};
/* End PBXSourcesBuildPhase section */

/* Begin PBXTargetDependency section */
		78AB64231D09AE8600967BF0 /* PBXTargetDependency */ = {
			isa = PBXTargetDependency;
			target = 78AB640C1D09AE8600967BF0 /* CustomKeyboard */;
			targetProxy = 78AB64221D09AE8600967BF0 /* PBXContainerItemProxy */;
		};
		78AB642E1D09AE8600967BF0 /* PBXTargetDependency */ = {
			isa = PBXTargetDependency;
			target = 78AB640C1D09AE8600967BF0 /* CustomKeyboard */;
			targetProxy = 78AB642D1D09AE8600967BF0 /* PBXContainerItemProxy */;
		};
/* End PBXTargetDependency section */

/* Begin PBXVariantGroup section */
		78AB64141D09AE8600967BF0 /* Main.storyboard */ = {
			isa = PBXVariantGroup;
			children = (
				78AB64151D09AE8600967BF0 /* Base */,
			);
			name = Main.storyboard;
			sourceTree = "<group>";
		};
		78AB64191D09AE8600967BF0 /* LaunchScreen.storyboard */ = {
			isa = PBXVariantGroup;
			children = (
				78AB641A1D09AE8600967BF0 /* Base */,
			);
			name = LaunchScreen.storyboard;
			sourceTree = "<group>";
		};
/* End PBXVariantGroup section */

/* Begin XCBuildConfiguration section */
		78AB64331D09AE8600967BF0 /* Debug */ = {
			isa = XCBuildConfiguration;
			buildSettings = {
				ALWAYS_SEARCH_USER_PATHS = NO;
				CLANG_ANALYZER_NONNULL = YES;
				CLANG_CXX_LANGUAGE_STANDARD = "gnu++0x";
				CLANG_CXX_LIBRARY = "libc++";
				CLANG_ENABLE_MODULES = YES;
				CLANG_ENABLE_OBJC_ARC = YES;
				CLANG_WARN_BOOL_CONVERSION = YES;
				CLANG_WARN_CONSTANT_CONVERSION = YES;
				CLANG_WARN_DIRECT_OBJC_ISA_USAGE = YES_ERROR;
				CLANG_WARN_EMPTY_BODY = YES;
				CLANG_WARN_ENUM_CONVERSION = YES;
				CLANG_WARN_INT_CONVERSION = YES;
				CLANG_WARN_OBJC_ROOT_CLASS = YES_ERROR;
				CLANG_WARN_UNREACHABLE_CODE = YES;
				CLANG_WARN__DUPLICATE_METHOD_MATCH = YES;
				"CODE_SIGN_IDENTITY[sdk=iphoneos*]" = "iPhone Developer";
				COPY_PHASE_STRIP = NO;
				DEBUG_INFORMATION_FORMAT = dwarf;
				ENABLE_STRICT_OBJC_MSGSEND = YES;
				ENABLE_TESTABILITY = YES;
				GCC_C_LANGUAGE_STANDARD = gnu99;
				GCC_DYNAMIC_NO_PIC = NO;
				GCC_NO_COMMON_BLOCKS = YES;
				GCC_OPTIMIZATION_LEVEL = 0;
				GCC_PREPROCESSOR_DEFINITIONS = (
					"DEBUG=1",
					"$(inherited)",
				);
				GCC_WARN_64_TO_32_BIT_CONVERSION = YES;
				GCC_WARN_ABOUT_RETURN_TYPE = YES_ERROR;
				GCC_WARN_UNDECLARED_SELECTOR = YES;
				GCC_WARN_UNINITIALIZED_AUTOS = YES_AGGRESSIVE;
				GCC_WARN_UNUSED_FUNCTION = YES;
				GCC_WARN_UNUSED_VARIABLE = YES;
				IPHONEOS_DEPLOYMENT_TARGET = 9.3;
				MTL_ENABLE_DEBUG_INFO = YES;
				ONLY_ACTIVE_ARCH = YES;
				SDKROOT = iphoneos;
				SWIFT_OPTIMIZATION_LEVEL = "-Onone";
				TARGETED_DEVICE_FAMILY = "1,2";
			};
			name = Debug;
		};
		78AB64341D09AE8600967BF0 /* Release */ = {
			isa = XCBuildConfiguration;
			buildSettings = {
				ALWAYS_SEARCH_USER_PATHS = NO;
				CLANG_ANALYZER_NONNULL = YES;
				CLANG_CXX_LANGUAGE_STANDARD = "gnu++0x";
				CLANG_CXX_LIBRARY = "libc++";
				CLANG_ENABLE_MODULES = YES;
				CLANG_ENABLE_OBJC_ARC = YES;
				CLANG_WARN_BOOL_CONVERSION = YES;
				CLANG_WARN_CONSTANT_CONVERSION = YES;
				CLANG_WARN_DIRECT_OBJC_ISA_USAGE = YES_ERROR;
				CLANG_WARN_EMPTY_BODY = YES;
				CLANG_WARN_ENUM_CONVERSION = YES;
				CLANG_WARN_INT_CONVERSION = YES;
				CLANG_WARN_OBJC_ROOT_CLASS = YES_ERROR;
				CLANG_WARN_UNREACHABLE_CODE = YES;
				CLANG_WARN__DUPLICATE_METHOD_MATCH = YES;
				"CODE_SIGN_IDENTITY[sdk=iphoneos*]" = "iPhone Developer";
				COPY_PHASE_STRIP = NO;
				DEBUG_INFORMATION_FORMAT = "dwarf-with-dsym";
				ENABLE_NS_ASSERTIONS = NO;
				ENABLE_STRICT_OBJC_MSGSEND = YES;
				GCC_C_LANGUAGE_STANDARD = gnu99;
				GCC_NO_COMMON_BLOCKS = YES;
				GCC_WARN_64_TO_32_BIT_CONVERSION = YES;
				GCC_WARN_ABOUT_RETURN_TYPE = YES_ERROR;
				GCC_WARN_UNDECLARED_SELECTOR = YES;
				GCC_WARN_UNINITIALIZED_AUTOS = YES_AGGRESSIVE;
				GCC_WARN_UNUSED_FUNCTION = YES;
				GCC_WARN_UNUSED_VARIABLE = YES;
				IPHONEOS_DEPLOYMENT_TARGET = 9.3;
				MTL_ENABLE_DEBUG_INFO = NO;
				SDKROOT = iphoneos;
				TARGETED_DEVICE_FAMILY = "1,2";
				VALIDATE_PRODUCT = YES;
			};
			name = Release;
		};
		78AB64361D09AE8600967BF0 /* Debug */ = {
			isa = XCBuildConfiguration;
			buildSettings = {
				ASSETCATALOG_COMPILER_APPICON_NAME = AppIcon;
				INFOPLIST_FILE = CustomKeyboard/Info.plist;
				LD_RUNPATH_SEARCH_PATHS = "$(inherited) @executable_path/Frameworks";
				PRODUCT_BUNDLE_IDENTIFIER = com.rozeridilar.CustomKeyboard;
				PRODUCT_NAME = "$(TARGET_NAME)";
			};
			name = Debug;
		};
		78AB64371D09AE8600967BF0 /* Release */ = {
			isa = XCBuildConfiguration;
			buildSettings = {
				ASSETCATALOG_COMPILER_APPICON_NAME = AppIcon;
				INFOPLIST_FILE = CustomKeyboard/Info.plist;
				LD_RUNPATH_SEARCH_PATHS = "$(inherited) @executable_path/Frameworks";
				PRODUCT_BUNDLE_IDENTIFIER = com.rozeridilar.CustomKeyboard;
				PRODUCT_NAME = "$(TARGET_NAME)";
			};
			name = Release;
		};
		78AB64391D09AE8600967BF0 /* Debug */ = {
			isa = XCBuildConfiguration;
			buildSettings = {
				BUNDLE_LOADER = "$(TEST_HOST)";
				INFOPLIST_FILE = CustomKeyboardTests/Info.plist;
				LD_RUNPATH_SEARCH_PATHS = "$(inherited) @executable_path/Frameworks @loader_path/Frameworks";
				PRODUCT_BUNDLE_IDENTIFIER = com.rozeridilar.CustomKeyboardTests;
				PRODUCT_NAME = "$(TARGET_NAME)";
				TEST_HOST = "$(BUILT_PRODUCTS_DIR)/CustomKeyboard.app/CustomKeyboard";
			};
			name = Debug;
		};
		78AB643A1D09AE8600967BF0 /* Release */ = {
			isa = XCBuildConfiguration;
			buildSettings = {
				BUNDLE_LOADER = "$(TEST_HOST)";
				INFOPLIST_FILE = CustomKeyboardTests/Info.plist;
				LD_RUNPATH_SEARCH_PATHS = "$(inherited) @executable_path/Frameworks @loader_path/Frameworks";
				PRODUCT_BUNDLE_IDENTIFIER = com.rozeridilar.CustomKeyboardTests;
				PRODUCT_NAME = "$(TARGET_NAME)";
				TEST_HOST = "$(BUILT_PRODUCTS_DIR)/CustomKeyboard.app/CustomKeyboard";
			};
			name = Release;
		};
		78AB643C1D09AE8600967BF0 /* Debug */ = {
			isa = XCBuildConfiguration;
			buildSettings = {
				INFOPLIST_FILE = CustomKeyboardUITests/Info.plist;
				LD_RUNPATH_SEARCH_PATHS = "$(inherited) @executable_path/Frameworks @loader_path/Frameworks";
				PRODUCT_BUNDLE_IDENTIFIER = com.rozeridilar.CustomKeyboardUITests;
				PRODUCT_NAME = "$(TARGET_NAME)";
				TEST_TARGET_NAME = CustomKeyboard;
			};
			name = Debug;
		};
		78AB643D1D09AE8600967BF0 /* Release */ = {
			isa = XCBuildConfiguration;
			buildSettings = {
				INFOPLIST_FILE = CustomKeyboardUITests/Info.plist;
				LD_RUNPATH_SEARCH_PATHS = "$(inherited) @executable_path/Frameworks @loader_path/Frameworks";
				PRODUCT_BUNDLE_IDENTIFIER = com.rozeridilar.CustomKeyboardUITests;
				PRODUCT_NAME = "$(TARGET_NAME)";
				TEST_TARGET_NAME = CustomKeyboard;
			};
			name = Release;
		};
/* End XCBuildConfiguration section */

/* Begin XCConfigurationList section */
		78AB64081D09AE8600967BF0 /* Build configuration list for PBXProject "CustomKeyboard" */ = {
			isa = XCConfigurationList;
			buildConfigurations = (
				78AB64331D09AE8600967BF0 /* Debug */,
				78AB64341D09AE8600967BF0 /* Release */,
			);
			defaultConfigurationIsVisible = 0;
			defaultConfigurationName = Release;
		};
		78AB64351D09AE8600967BF0 /* Build configuration list for PBXNativeTarget "CustomKeyboard" */ = {
			isa = XCConfigurationList;
			buildConfigurations = (
				78AB64361D09AE8600967BF0 /* Debug */,
				78AB64371D09AE8600967BF0 /* Release */,
			);
			defaultConfigurationIsVisible = 0;
		};
		78AB64381D09AE8600967BF0 /* Build configuration list for PBXNativeTarget "CustomKeyboardTests" */ = {
			isa = XCConfigurationList;
			buildConfigurations = (
				78AB64391D09AE8600967BF0 /* Debug */,
				78AB643A1D09AE8600967BF0 /* Release */,
			);
			defaultConfigurationIsVisible = 0;
		};
		78AB643B1D09AE8600967BF0 /* Build configuration list for PBXNativeTarget "CustomKeyboardUITests" */ = {
			isa = XCConfigurationList;
			buildConfigurations = (
				78AB643C1D09AE8600967BF0 /* Debug */,
				78AB643D1D09AE8600967BF0 /* Release */,
			);
			defaultConfigurationIsVisible = 0;
		};
/* End XCConfigurationList section */
	};
	rootObject = 78AB64051D09AE8600967BF0 /* Project object */;
}
